
Microsoft Visual Studio Solution File, Format Version 12.00
Project("{FAE04EC0-301F-11D3-BF4B-00C04F79EFBC}") = "Forum-ish", "Forum-ish.csproj", "{023A4D07-1EE4-47AB-877F-6B458DDC968C}"
EndProject
Project("{2150E333-8FDC-42A3-9474-1A3956D46DE8}") = "Server", "Server", "{0DACD6B7-B7B0-4610-BFCC-796D1DA2AAA4}"
EndProject
Project("{FAE04EC0-301F-11D3-BF4B-00C04F79EFBC}") = "RespositoryContracts", "Server\RespositoryContracts\RespositoryContracts.csproj", "{04574560-CE86-4777-AE13-CD2F08809570}"
EndProject
Project("{FAE04EC0-301F-11D3-BF4B-00C04F79EFBC}") = "InMemoryRepositories", "Server\InMemoryRepositories\InMemoryRepositories.csproj", "{2B67D3A3-F3D5-4771-97F8-D4483469AD4B}"
EndProject
Project("{FAE04EC0-301F-11D3-BF4B-00C04F79EFBC}") = "Entities", "Server\Entities\Entities.csproj", "{97EBDC14-5C12-46E3-8099-A31F5615DFCE}"
EndProject
Global
	GlobalSection(SolutionConfigurationPlatforms) = preSolution
		Debug|Any CPU = Debug|Any CPU
		Release|Any CPU = Release|Any CPU
	EndGlobalSection
	GlobalSection(ProjectConfigurationPlatforms) = postSolution
		{023A4D07-1EE4-47AB-877F-6B458DDC968C}.Debug|Any CPU.ActiveCfg = Debug|Any CPU
		{023A4D07-1EE4-47AB-877F-6B458DDC968C}.Debug|Any CPU.Build.0 = Debug|Any CPU
		{023A4D07-1EE4-47AB-877F-6B458DDC968C}.Release|Any CPU.ActiveCfg = Release|Any CPU
		{023A4D07-1EE4-47AB-877F-6B458DDC968C}.Release|Any CPU.Build.0 = Release|Any CPU
		{04574560-CE86-4777-AE13-CD2F08809570}.Debug|Any CPU.ActiveCfg = Debug|Any CPU
		{04574560-CE86-4777-AE13-CD2F08809570}.Debug|Any CPU.Build.0 = Debug|Any CPU
		{04574560-CE86-4777-AE13-CD2F08809570}.Release|Any CPU.ActiveCfg = Release|Any CPU
		{04574560-CE86-4777-AE13-CD2F08809570}.Release|Any CPU.Build.0 = Release|Any CPU
		{2B67D3A3-F3D5-4771-97F8-D4483469AD4B}.Debug|Any CPU.ActiveCfg = Debug|Any CPU
		{2B67D3A3-F3D5-4771-97F8-D4483469AD4B}.Debug|Any CPU.Build.0 = Debug|Any CPU
		{2B67D3A3-F3D5-4771-97F8-D4483469AD4B}.Release|Any CPU.ActiveCfg = Release|Any CPU
		{2B67D3A3-F3D5-4771-97F8-D4483469AD4B}.Release|Any CPU.Build.0 = Release|Any CPU
		{97EBDC14-5C12-46E3-8099-A31F5615DFCE}.Debug|Any CPU.ActiveCfg = Debug|Any CPU
		{97EBDC14-5C12-46E3-8099-A31F5615DFCE}.Debug|Any CPU.Build.0 = Debug|Any CPU
		{97EBDC14-5C12-46E3-8099-A31F5615DFCE}.Release|Any CPU.ActiveCfg = Release|Any CPU
		{97EBDC14-5C12-46E3-8099-A31F5615DFCE}.Release|Any CPU.Build.0 = Release|Any CPU
	EndGlobalSection
	GlobalSection(NestedProjects) = preSolution
		{04574560-CE86-4777-AE13-CD2F08809570} = {0DACD6B7-B7B0-4610-BFCC-796D1DA2AAA4}
		{2B67D3A3-F3D5-4771-97F8-D4483469AD4B} = {0DACD6B7-B7B0-4610-BFCC-796D1DA2AAA4}
		{97EBDC14-5C12-46E3-8099-A31F5615DFCE} = {0DACD6B7-B7B0-4610-BFCC-796D1DA2AAA4}
	EndGlobalSection
EndGlobal
